{
    "version": 3,
    "terraform_version": "0.11.11",
    "serial": 5,
    "lineage": "2e79828b-275e-c7ab-113b-333329186c84",
    "modules": [
        {
            "path": [
                "root"
            ],
            "outputs": {},
            "resources": {
                "ibm_compute_ssh_key.main_ssh_key": {
                    "type": "ibm_compute_ssh_key",
                    "depends_on": [],
                    "primary": {
                        "id": "1528558",
                        "attributes": {
                            "fingerprint": "49:73:76:5d:83:a4:dc:9c:57:c4:f7:5b:17:af:b6:a9",
                            "id": "1528558",
                            "label": "perf_ssh",
                            "notes": "perf_ssh",
                            "public_key": "ssh-rsa AAAAB3NzaC1yc2EAAAADAQABAAACAQDawgux7227+hFO/j8I81J3QfUQI2qKCVSrvQ+z2Z2rouyAwUILknR0GNCxOg9nePSheBhlywkOJwVYHBvxFHoLDNcYJQONqYEevi/Pcoin52wmamGwLwozGpmA1O7yXRJPOovCiGHTuHNr7hKvlkOJLwIoGX9YdxirAdlpvIJ479u8hJtNebAehsRjqxrgpeGQFbksx7hLytY0GUORplR7V3RKT9VHJxeiJLypcOMqVKrOuqhxITJ/SQ9SaijnDscZRMVu5kJJzaT5mzw080imw8sGrDj1C9Sh7zV9c9Fedtc5RJEZSXu8ZRElQkZ1XDpZeviHTwlBaFSJm6A7MysEE4M7PNGAjjPUswo85mMWenI751k+1N6t+wqh6kCxkqbBLrRTjfpDLfUOYLPDrS3NwgsTuk3Ry0dVIGO2lgyfsfMjFAGZpMpMpO0lB8TVjtdzDKjbgkucP2LESfUyYiGaafCKxYzTeJQwTqEy2JnKfqKYpD2oSBlokxMVOlMT2Y7hOwdgdPovimbusJ9FABCRuAlVExRk4mzVDJAZZk5UNyYGITwS4ZO7nOOwrZ9uTBQquGWuc6V9LSROSSVAFK4pUM0ySIG31Tkvjd98hOCy9lWhLFetnxKkMvKb3DP9EuSDNLUk89oshyvSZB0hTq/iWIbouJnq37D0TIqAc4GV3w== honginpyo1@hanmail.net"
                        },
                        "meta": {},
                        "tainted": false
                    },
                    "deposed": [],
                    "provider": "provider.ibm"
                },
                "ibm_compute_vm_instance.edu.0": {
                    "type": "ibm_compute_vm_instance",
                    "depends_on": [
                        "ibm_security_group.sg_public_edu"
                    ],
                    "primary": {
                        "id": "87860878",
                        "attributes": {
                            "block_storage_ids.#": "0",
                            "cores": "2",
                            "datacenter": "seo01",
                            "dedicated_acct_host_only": "false",
                            "disks.#": "0",
                            "domain": "inppyyoo.net",
                            "file_storage_ids.#": "0",
                            "flavor_key_name": "BL2_2X4X100",
                            "hostname": "edu-0",
                            "hourly_billing": "true",
                            "id": "87860878",
                            "ip_address_id": "137653706",
                            "ip_address_id_private": "137653864",
                            "ipv4_address": "169.56.90.213",
                            "ipv4_address_private": "10.178.150.188",
                            "ipv6_enabled": "false",
                            "ipv6_static_enabled": "false",
                            "local_disk": "true",
                            "memory": "4096",
                            "network_speed": "100",
                            "notes": "",
                            "os_reference_code": "WIN_LATEST_64",
                            "private_interface_id": "55342276",
                            "private_network_only": "false",
                            "private_security_group_ids.#": "0",
                            "private_subnet": "10.178.150.128/26",
                            "private_subnet_id": "1521545",
                            "private_vlan_id": "2678726",
                            "public_bandwidth_unlimited": "false",
                            "public_interface_id": "55342274",
                            "public_security_group_ids.#": "1",
                            "public_security_group_ids.1892044": "1892044",
                            "public_subnet": "169.56.90.208/28",
                            "public_subnet_id": "1437441",
                            "public_vlan_id": "2678724",
                            "secondary_ip_addresses.#": "0",
                            "tags.#": "1",
                            "tags.3418678138": "group:winvm",
                            "transient": "false",
                            "wait_time_minutes": "90"
                        },
                        "meta": {},
                        "tainted": false
                    },
                    "deposed": [],
                    "provider": "provider.ibm"
                },
                "ibm_compute_vm_instance.edu.1": {
                    "type": "ibm_compute_vm_instance",
                    "depends_on": [
                        "ibm_security_group.sg_public_edu"
                    ],
                    "primary": {
                        "id": "87860882",
                        "attributes": {
                            "block_storage_ids.#": "0",
                            "cores": "2",
                            "datacenter": "seo01",
                            "dedicated_acct_host_only": "false",
                            "disks.#": "0",
                            "domain": "inppyyoo.net",
                            "file_storage_ids.#": "0",
                            "flavor_key_name": "BL2_2X4X100",
                            "hostname": "edu-1",
                            "hourly_billing": "true",
                            "id": "87860882",
                            "ip_address_id": "137653704",
                            "ip_address_id_private": "137653770",
                            "ipv4_address": "169.56.90.212",
                            "ipv4_address_private": "10.178.150.141",
                            "ipv6_enabled": "false",
                            "ipv6_static_enabled": "false",
                            "local_disk": "true",
                            "memory": "4096",
                            "network_speed": "100",
                            "notes": "",
                            "os_reference_code": "WIN_LATEST_64",
                            "private_interface_id": "55342264",
                            "private_network_only": "false",
                            "private_security_group_ids.#": "0",
                            "private_subnet": "10.178.150.128/26",
                            "private_subnet_id": "1521545",
                            "private_vlan_id": "2678726",
                            "public_bandwidth_unlimited": "false",
                            "public_interface_id": "55342262",
                            "public_security_group_ids.#": "1",
                            "public_security_group_ids.1892044": "1892044",
                            "public_subnet": "169.56.90.208/28",
                            "public_subnet_id": "1437441",
                            "public_vlan_id": "2678724",
                            "secondary_ip_addresses.#": "0",
                            "tags.#": "1",
                            "tags.3418678138": "group:winvm",
                            "transient": "false",
                            "wait_time_minutes": "90"
                        },
                        "meta": {},
                        "tainted": false
                    },
                    "deposed": [],
                    "provider": "provider.ibm"
                },
                "ibm_compute_vm_instance.edu.2": {
                    "type": "ibm_compute_vm_instance",
                    "depends_on": [
                        "ibm_security_group.sg_public_edu"
                    ],
                    "primary": {
                        "id": "87860876",
                        "attributes": {
                            "block_storage_ids.#": "0",
                            "cores": "2",
                            "datacenter": "seo01",
                            "dedicated_acct_host_only": "false",
                            "disks.#": "0",
                            "domain": "inppyyoo.net",
                            "file_storage_ids.#": "0",
                            "flavor_key_name": "BL2_2X4X100",
                            "hostname": "edu-2",
                            "hourly_billing": "true",
                            "id": "87860876",
                            "ip_address_id": "137653714",
                            "ip_address_id_private": "137653844",
                            "ipv4_address": "169.56.90.217",
                            "ipv4_address_private": "10.178.150.178",
                            "ipv6_enabled": "false",
                            "ipv6_static_enabled": "false",
                            "local_disk": "true",
                            "memory": "4096",
                            "network_speed": "100",
                            "notes": "",
                            "os_reference_code": "WIN_LATEST_64",
                            "private_interface_id": "55342268",
                            "private_network_only": "false",
                            "private_security_group_ids.#": "0",
                            "private_subnet": "10.178.150.128/26",
                            "private_subnet_id": "1521545",
                            "private_vlan_id": "2678726",
                            "public_bandwidth_unlimited": "false",
                            "public_interface_id": "55342266",
                            "public_security_group_ids.#": "1",
                            "public_security_group_ids.1892044": "1892044",
                            "public_subnet": "169.56.90.208/28",
                            "public_subnet_id": "1437441",
                            "public_vlan_id": "2678724",
                            "secondary_ip_addresses.#": "0",
                            "tags.#": "1",
                            "tags.3418678138": "group:winvm",
                            "transient": "false",
                            "wait_time_minutes": "90"
                        },
                        "meta": {},
                        "tainted": false
                    },
                    "deposed": [],
                    "provider": "provider.ibm"
                },
                "ibm_compute_vm_instance.edu.3": {
                    "type": "ibm_compute_vm_instance",
                    "depends_on": [
                        "ibm_security_group.sg_public_edu"
                    ],
                    "primary": {
                        "id": "87860874",
                        "attributes": {
                            "block_storage_ids.#": "0",
                            "cores": "2",
                            "datacenter": "seo01",
                            "dedicated_acct_host_only": "false",
                            "disks.#": "0",
                            "domain": "inppyyoo.net",
                            "file_storage_ids.#": "0",
                            "flavor_key_name": "BL2_2X4X100",
                            "hostname": "edu-3",
                            "hourly_billing": "true",
                            "id": "87860874",
                            "ip_address_id": "137653710",
                            "ip_address_id_private": "137653852",
                            "ipv4_address": "169.56.90.215",
                            "ipv4_address_private": "10.178.150.182",
                            "ipv6_enabled": "false",
                            "ipv6_static_enabled": "false",
                            "local_disk": "true",
                            "memory": "4096",
                            "network_speed": "100",
                            "notes": "",
                            "os_reference_code": "WIN_LATEST_64",
                            "private_interface_id": "55342260",
                            "private_network_only": "false",
                            "private_security_group_ids.#": "0",
                            "private_subnet": "10.178.150.128/26",
                            "private_subnet_id": "1521545",
                            "private_vlan_id": "2678726",
                            "public_bandwidth_unlimited": "false",
                            "public_interface_id": "55342258",
                            "public_security_group_ids.#": "1",
                            "public_security_group_ids.1892044": "1892044",
                            "public_subnet": "169.56.90.208/28",
                            "public_subnet_id": "1437441",
                            "public_vlan_id": "2678724",
                            "secondary_ip_addresses.#": "0",
                            "tags.#": "1",
                            "tags.3418678138": "group:winvm",
                            "transient": "false",
                            "wait_time_minutes": "90"
                        },
                        "meta": {},
                        "tainted": false
                    },
                    "deposed": [],
                    "provider": "provider.ibm"
                },
                "ibm_compute_vm_instance.edu.4": {
                    "type": "ibm_compute_vm_instance",
                    "depends_on": [
                        "ibm_security_group.sg_public_edu"
                    ],
                    "primary": {
                        "id": "87860884",
                        "attributes": {
                            "block_storage_ids.#": "0",
                            "cores": "2",
                            "datacenter": "seo01",
                            "dedicated_acct_host_only": "false",
                            "disks.#": "0",
                            "domain": "inppyyoo.net",
                            "file_storage_ids.#": "0",
                            "flavor_key_name": "BL2_2X4X100",
                            "hostname": "edu-4",
                            "hourly_billing": "true",
                            "id": "87860884",
                            "ip_address_id": "137653716",
                            "ip_address_id_private": "137653780",
                            "ipv4_address": "169.56.90.218",
                            "ipv4_address_private": "10.178.150.146",
                            "ipv6_enabled": "false",
                            "ipv6_static_enabled": "false",
                            "local_disk": "true",
                            "memory": "4096",
                            "network_speed": "100",
                            "notes": "",
                            "os_reference_code": "WIN_LATEST_64",
                            "private_interface_id": "55342272",
                            "private_network_only": "false",
                            "private_security_group_ids.#": "0",
                            "private_subnet": "10.178.150.128/26",
                            "private_subnet_id": "1521545",
                            "private_vlan_id": "2678726",
                            "public_bandwidth_unlimited": "false",
                            "public_interface_id": "55342270",
                            "public_security_group_ids.#": "1",
                            "public_security_group_ids.1892044": "1892044",
                            "public_subnet": "169.56.90.208/28",
                            "public_subnet_id": "1437441",
                            "public_vlan_id": "2678724",
                            "secondary_ip_addresses.#": "0",
                            "tags.#": "1",
                            "tags.3418678138": "group:winvm",
                            "transient": "false",
                            "wait_time_minutes": "90"
                        },
                        "meta": {},
                        "tainted": false
                    },
                    "deposed": [],
                    "provider": "provider.ibm"
                },
                "ibm_compute_vm_instance.edu.5": {
                    "type": "ibm_compute_vm_instance",
                    "depends_on": [
                        "ibm_security_group.sg_public_edu"
                    ],
                    "primary": {
                        "id": "87860880",
                        "attributes": {
                            "block_storage_ids.#": "0",
                            "cores": "2",
                            "datacenter": "seo01",
                            "dedicated_acct_host_only": "false",
                            "disks.#": "0",
                            "domain": "inppyyoo.net",
                            "file_storage_ids.#": "0",
                            "flavor_key_name": "BL2_2X4X100",
                            "hostname": "edu-5",
                            "hourly_billing": "true",
                            "id": "87860880",
                            "ip_address_id": "137653724",
                            "ip_address_id_private": "137653802",
                            "ipv4_address": "169.56.90.222",
                            "ipv4_address_private": "10.178.150.157",
                            "ipv6_enabled": "false",
                            "ipv6_static_enabled": "false",
                            "local_disk": "true",
                            "memory": "4096",
                            "network_speed": "100",
                            "notes": "",
                            "os_reference_code": "WIN_LATEST_64",
                            "private_interface_id": "55342256",
                            "private_network_only": "false",
                            "private_security_group_ids.#": "0",
                            "private_subnet": "10.178.150.128/26",
                            "private_subnet_id": "1521545",
                            "private_vlan_id": "2678726",
                            "public_bandwidth_unlimited": "false",
                            "public_interface_id": "55342254",
                            "public_security_group_ids.#": "1",
                            "public_security_group_ids.1892044": "1892044",
                            "public_subnet": "169.56.90.208/28",
                            "public_subnet_id": "1437441",
                            "public_vlan_id": "2678724",
                            "secondary_ip_addresses.#": "0",
                            "tags.#": "1",
                            "tags.3418678138": "group:winvm",
                            "transient": "false",
                            "wait_time_minutes": "90"
                        },
                        "meta": {},
                        "tainted": false
                    },
                    "deposed": [],
                    "provider": "provider.ibm"
                },
                "ibm_compute_vm_instance.edu.6": {
                    "type": "ibm_compute_vm_instance",
                    "depends_on": [
                        "ibm_security_group.sg_public_edu"
                    ],
                    "primary": {
                        "id": "87935114",
                        "attributes": {
                            "block_storage_ids.#": "0",
                            "cores": "2",
                            "datacenter": "seo01",
                            "dedicated_acct_host_only": "false",
                            "disks.#": "0",
                            "domain": "inppyyoo.net",
                            "file_storage_ids.#": "0",
                            "flavor_key_name": "BL2_2X4X100",
                            "hostname": "edu-6",
                            "hourly_billing": "true",
                            "id": "87935114",
                            "ip_address_id": "137653722",
                            "ip_address_id_private": "137653826",
                            "ipv4_address": "169.56.90.221",
                            "ipv4_address_private": "10.178.150.169",
                            "ipv6_enabled": "false",
                            "ipv6_static_enabled": "false",
                            "local_disk": "true",
                            "memory": "4096",
                            "network_speed": "100",
                            "notes": "",
                            "os_reference_code": "WIN_LATEST_64",
                            "private_interface_id": "55414310",
                            "private_network_only": "false",
                            "private_security_group_ids.#": "0",
                            "private_subnet": "10.178.150.128/26",
                            "private_subnet_id": "1521545",
                            "private_vlan_id": "2678726",
                            "public_bandwidth_unlimited": "false",
                            "public_interface_id": "55414306",
                            "public_security_group_ids.#": "1",
                            "public_security_group_ids.1892044": "1892044",
                            "public_subnet": "169.56.90.208/28",
                            "public_subnet_id": "1437441",
                            "public_vlan_id": "2678724",
                            "secondary_ip_addresses.#": "0",
                            "tags.#": "1",
                            "tags.3418678138": "group:winvm",
                            "transient": "false",
                            "wait_time_minutes": "90"
                        },
                        "meta": {},
                        "tainted": false
                    },
                    "deposed": [],
                    "provider": "provider.ibm"
                },
                "ibm_compute_vm_instance.edu.7": {
                    "type": "ibm_compute_vm_instance",
                    "depends_on": [
                        "ibm_security_group.sg_public_edu"
                    ],
                    "primary": {
                        "id": "87935112",
                        "attributes": {
                            "block_storage_ids.#": "0",
                            "cores": "2",
                            "datacenter": "seo01",
                            "dedicated_acct_host_only": "false",
                            "disks.#": "0",
                            "domain": "inppyyoo.net",
                            "file_storage_ids.#": "0",
                            "flavor_key_name": "BL2_2X4X100",
                            "hostname": "edu-7",
                            "hourly_billing": "true",
                            "id": "87935112",
                            "ip_address_id": "137653718",
                            "ip_address_id_private": "137653840",
                            "ipv4_address": "169.56.90.219",
                            "ipv4_address_private": "10.178.150.176",
                            "ipv6_enabled": "false",
                            "ipv6_static_enabled": "false",
                            "local_disk": "true",
                            "memory": "4096",
                            "network_speed": "100",
                            "notes": "",
                            "os_reference_code": "WIN_LATEST_64",
                            "private_interface_id": "55414312",
                            "private_network_only": "false",
                            "private_security_group_ids.#": "0",
                            "private_subnet": "10.178.150.128/26",
                            "private_subnet_id": "1521545",
                            "private_vlan_id": "2678726",
                            "public_bandwidth_unlimited": "false",
                            "public_interface_id": "55414308",
                            "public_security_group_ids.#": "1",
                            "public_security_group_ids.1892044": "1892044",
                            "public_subnet": "169.56.90.208/28",
                            "public_subnet_id": "1437441",
                            "public_vlan_id": "2678724",
                            "secondary_ip_addresses.#": "0",
                            "tags.#": "1",
                            "tags.3418678138": "group:winvm",
                            "transient": "false",
                            "wait_time_minutes": "90"
                        },
                        "meta": {},
                        "tainted": false
                    },
                    "deposed": [],
                    "provider": "provider.ibm"
                },
                "ibm_compute_vm_instance.perf": {
                    "type": "ibm_compute_vm_instance",
                    "depends_on": [
                        "ibm_compute_ssh_key.main_ssh_key",
                        "ibm_security_group.sg_public_perf"
                    ],
                    "primary": {
                        "id": "87860340",
                        "attributes": {
                            "block_storage_ids.#": "0",
                            "cores": "2",
                            "datacenter": "seo01",
                            "dedicated_acct_host_only": "false",
                            "disks.#": "0",
                            "domain": "inppyyoo.net",
                            "file_storage_ids.#": "0",
                            "flavor_key_name": "BL2_2X4X100",
                            "hostname": "perf",
                            "hourly_billing": "true",
                            "id": "87860340",
                            "ip_address_id": "137653720",
                            "ip_address_id_private": "137653794",
                            "ipv4_address": "169.56.90.220",
                            "ipv4_address_private": "10.178.150.153",
                            "ipv6_enabled": "false",
                            "ipv6_static_enabled": "false",
                            "local_disk": "true",
                            "memory": "4096",
                            "network_speed": "100",
                            "notes": "",
                            "os_reference_code": "CENTOS_LATEST_64",
                            "private_interface_id": "55341740",
                            "private_network_only": "false",
                            "private_security_group_ids.#": "0",
                            "private_subnet": "10.178.150.128/26",
                            "private_subnet_id": "1521545",
                            "private_vlan_id": "2678726",
                            "public_bandwidth_unlimited": "false",
                            "public_interface_id": "55341738",
                            "public_security_group_ids.#": "1",
                            "public_security_group_ids.1891800": "1891800",
                            "public_subnet": "169.56.90.208/28",
                            "public_subnet_id": "1437441",
                            "public_vlan_id": "2678724",
                            "secondary_ip_addresses.#": "0",
                            "ssh_key_ids.#": "1",
                            "ssh_key_ids.1528558": "1528558",
                            "tags.#": "1",
                            "tags.2330803793": "group:linuxvm",
                            "transient": "false",
                            "wait_time_minutes": "90"
                        },
                        "meta": {},
                        "tainted": false
                    },
                    "deposed": [],
                    "provider": "provider.ibm"
                },
                "ibm_security_group.sg_public_edu": {
                    "type": "ibm_security_group",
                    "depends_on": [],
                    "primary": {
                        "id": "1892044",
                        "attributes": {
                            "description": "Public access for RDP",
                            "id": "1892044",
                            "name": "sg_public_edu"
                        },
                        "meta": {},
                        "tainted": false
                    },
                    "deposed": [],
                    "provider": "provider.ibm"
                },
                "ibm_security_group.sg_public_perf": {
                    "type": "ibm_security_group",
                    "depends_on": [],
                    "primary": {
                        "id": "1891800",
                        "attributes": {
                            "description": "Public access for ssh",
                            "id": "1891800",
                            "name": "sg_public_perf"
                        },
                        "meta": {},
                        "tainted": false
                    },
                    "deposed": [],
                    "provider": "provider.ibm"
                },
                "ibm_security_group_rule.lin-http-pub": {
                    "type": "ibm_security_group_rule",
                    "depends_on": [
                        "ibm_security_group.sg_public_perf"
                    ],
                    "primary": {
                        "id": "5936210",
                        "attributes": {
                            "direction": "egress",
                            "ether_type": "IPv4",
                            "id": "5936210",
                            "port_range_max": "80",
                            "port_range_min": "80",
                            "protocol": "tcp",
                            "security_group_id": "1891800"
                        },
                        "meta": {},
                        "tainted": false
                    },
                    "deposed": [],
                    "provider": "provider.ibm"
                },
                "ibm_security_group_rule.lin-https-pub": {
                    "type": "ibm_security_group_rule",
                    "depends_on": [
                        "ibm_security_group.sg_public_perf"
                    ],
                    "primary": {
                        "id": "5936378",
                        "attributes": {
                            "direction": "egress",
                            "ether_type": "IPv4",
                            "id": "5936378",
                            "port_range_max": "443",
                            "port_range_min": "443",
                            "protocol": "tcp",
                            "security_group_id": "1891800"
                        },
                        "meta": {},
                        "tainted": false
                    },
                    "deposed": [],
                    "provider": "provider.ibm"
                },
                "ibm_security_group_rule.rdp-pub": {
                    "type": "ibm_security_group_rule",
                    "depends_on": [
                        "ibm_security_group.sg_public_edu"
                    ],
                    "primary": {
                        "id": "5936316",
                        "attributes": {
                            "direction": "egress",
                            "ether_type": "IPv4",
                            "id": "5936316",
                            "port_range_max": "3389",
                            "port_range_min": "3389",
                            "protocol": "tcp",
                            "security_group_id": "1892044"
                        },
                        "meta": {},
                        "tainted": false
                    },
                    "deposed": [],
                    "provider": "provider.ibm"
                },
                "ibm_security_group_rule.rdp-pub_in": {
                    "type": "ibm_security_group_rule",
                    "depends_on": [
                        "ibm_security_group.sg_public_edu"
                    ],
                    "primary": {
                        "id": "5936580",
                        "attributes": {
                            "direction": "ingress",
                            "ether_type": "IPv4",
                            "id": "5936580",
                            "port_range_max": "3389",
                            "port_range_min": "3389",
                            "protocol": "tcp",
                            "security_group_id": "1892044"
                        },
                        "meta": {},
                        "tainted": false
                    },
                    "deposed": [],
                    "provider": "provider.ibm"
                },
                "ibm_security_group_rule.ssh-pub-in": {
                    "type": "ibm_security_group_rule",
                    "depends_on": [
                        "ibm_security_group.sg_public_perf"
                    ],
                    "primary": {
                        "id": "5936318",
                        "attributes": {
                            "direction": "ingress",
                            "ether_type": "IPv4",
                            "id": "5936318",
                            "port_range_max": "22",
                            "port_range_min": "22",
                            "protocol": "tcp",
                            "security_group_id": "1891800"
                        },
                        "meta": {},
                        "tainted": false
                    },
                    "deposed": [],
                    "provider": "provider.ibm"
                },
                "ibm_security_group_rule.ssh-pub-out": {
                    "type": "ibm_security_group_rule",
                    "depends_on": [
                        "ibm_security_group.sg_public_perf"
                    ],
                    "primary": {
                        "id": "5936582",
                        "attributes": {
                            "direction": "egress",
                            "ether_type": "IPv4",
                            "id": "5936582",
                            "port_range_max": "22",
                            "port_range_min": "22",
                            "protocol": "tcp",
                            "security_group_id": "1891800"
                        },
                        "meta": {},
                        "tainted": false
                    },
                    "deposed": [],
                    "provider": "provider.ibm"
                },
                "ibm_security_group_rule.win-http-pub": {
                    "type": "ibm_security_group_rule",
                    "depends_on": [
                        "ibm_security_group.sg_public_edu"
                    ],
                    "primary": {
                        "id": "5936502",
                        "attributes": {
                            "direction": "egress",
                            "ether_type": "IPv4",
                            "id": "5936502",
                            "port_range_max": "80",
                            "port_range_min": "80",
                            "protocol": "tcp",
                            "security_group_id": "1892044"
                        },
                        "meta": {},
                        "tainted": false
                    },
                    "deposed": [],
                    "provider": "provider.ibm"
                },
                "ibm_security_group_rule.win-https-pub": {
                    "type": "ibm_security_group_rule",
                    "depends_on": [
                        "ibm_security_group.sg_public_edu"
                    ],
                    "primary": {
                        "id": "5936380",
                        "attributes": {
                            "direction": "egress",
                            "ether_type": "IPv4",
                            "id": "5936380",
                            "port_range_max": "443",
                            "port_range_min": "443",
                            "protocol": "tcp",
                            "security_group_id": "1892044"
                        },
                        "meta": {},
                        "tainted": false
                    },
                    "deposed": [],
                    "provider": "provider.ibm"
                }
            },
            "depends_on": []
        }
    ]
}
